{
    "_meta": {
        "hash": {
            "sha256": "ba991b527afb7c635555dc4fdd55349da6397f4d29b99e1a68a4e2b329cccf8d"
        },
        "pipfile-spec": 6,
        "requires": {},
        "sources": [
            {
                "name": "pypi",
                "url": "https://pypi.python.org/simple",
                "verify_ssl": true
            }
        ]
    },
    "default": {},
    "develop": {
        "argcomplete": {
            "hashes": [
                "sha256:c079ceb0b72d4d4e03531ed77e6071babb9d42c3f790d7def2c41295b4990b44",
                "sha256:d97b7f3cfaa4e494ad59ed6d04c938fc5ed69b590bd8f53274e258fb1119bd1b"
            ],
            "version": "==1.9.3"
        },
        "base58": {
            "hashes": [
                "sha256:97cb4dcbc7a81afb802f41033d5562b6c48633426a67bf41e4cad186f581158c",
                "sha256:aafdd84adf1fbd073eb2fd7f7266d7bd9f2423ee1000ee61cd021b97ed359f39"
            ],
            "version": "==0.2.4"
        },
        "boto3": {
            "hashes": [
                "sha256:c38d9c074c33f73367e1ed7798519be4c2748dad3c05c7bea424a59ae7f16249",
                "sha256:fa16afacab491120bc7c0a14bfc760cb2e2c20eb4b2d4c524781f2af4aec723e"
            ],
            "version": "==1.6.4"
        },
        "botocore": {
            "hashes": [
                "sha256:48dcd4c82740db24454b22b89e6e60b711e88043d745b321eed3d03587c27e9c",
                "sha256:53b5efe4d4cf53885eee0ce583f05777e25599a17d890230880ef55c85f7f98e"
            ],
            "version": "==1.9.4"
        },
        "certifi": {
            "hashes": [
                "sha256:14131608ad2fd56836d33a71ee60fa1c82bc9d2c8d98b7bdbc631fe1b3cd1296",
                "sha256:edbc3f203427eef571f79a7692bb160a2b0f7ccaa31953e99bd17e307cf63f7d"
            ],
            "version": "==2018.1.18"
        },
        "cfn-flip": {
            "hashes": [
                "sha256:0507a0dc05c4481c9f7c9b1e9603d072d29970700ebebf4245915eaf3bcb57e7"
            ],
            "version": "==1.0.1"
        },
        "chardet": {
            "hashes": [
                "sha256:84ab92ed1c4d4f16916e05906b6b75a6c0fb5db821cc65e70cbd64a3e2a5eaae",
                "sha256:fc323ffcaeaed0e0a02bf4d117757b98aed530d9ed4531e3e15460124c106691"
            ],
            "version": "==3.0.4"
        },
        "click": {
            "hashes": [
                "sha256:29f99fc6125fbc931b758dc053b3114e55c77a6e4c6c3a2674a2dc986016381d",
                "sha256:f15516df478d5a56180fbf80e68f206010e6d160fc39fa508b65e035fd75130b"
            ],
            "version": "==6.7"
        },
        "coverage": {
            "hashes": [
                "sha256:03481e81d558d30d230bc12999e3edffe392d244349a90f4ef9b88425fac74ba",
                "sha256:0b136648de27201056c1869a6c0d4e23f464750fd9a9ba9750b8336a244429ed",
                "sha256:104ab3934abaf5be871a583541e8829d6c19ce7bde2923b2751e0d3ca44db60a",
                "sha256:15b111b6a0f46ee1a485414a52a7ad1d703bdf984e9ed3c288a4414d3871dcbd",
                "sha256:198626739a79b09fa0a2f06e083ffd12eb55449b5f8bfdbeed1df4910b2ca640",
                "sha256:1c383d2ef13ade2acc636556fd544dba6e14fa30755f26812f54300e401f98f2",
                "sha256:28b2191e7283f4f3568962e373b47ef7f0392993bb6660d079c62bd50fe9d162",
                "sha256:2eb564bbf7816a9d68dd3369a510be3327f1c618d2357fa6b1216994c2e3d508",
                "sha256:337ded681dd2ef9ca04ef5d93cfc87e52e09db2594c296b4a0a3662cb1b41249",
                "sha256:3a2184c6d797a125dca8367878d3b9a178b6fdd05fdc2d35d758c3006a1cd694",
                "sha256:3c79a6f7b95751cdebcd9037e4d06f8d5a9b60e4ed0cd231342aa8ad7124882a",
                "sha256:3d72c20bd105022d29b14a7d628462ebdc61de2f303322c0212a054352f3b287",
                "sha256:3eb42bf89a6be7deb64116dd1cc4b08171734d721e7a7e57ad64cc4ef29ed2f1",
                "sha256:4635a184d0bbe537aa185a34193898eee409332a8ccb27eea36f262566585000",
                "sha256:56e448f051a201c5ebbaa86a5efd0ca90d327204d8b059ab25ad0f35fbfd79f1",
                "sha256:5a13ea7911ff5e1796b6d5e4fbbf6952381a611209b736d48e675c2756f3f74e",
                "sha256:69bf008a06b76619d3c3f3b1983f5145c75a305a0fea513aca094cae5c40a8f5",
                "sha256:6bc583dc18d5979dc0f6cec26a8603129de0304d5ae1f17e57a12834e7235062",
                "sha256:701cd6093d63e6b8ad7009d8a92425428bc4d6e7ab8d75efbb665c806c1d79ba",
                "sha256:7608a3dd5d73cb06c531b8925e0ef8d3de31fed2544a7de6c63960a1e73ea4bc",
                "sha256:76ecd006d1d8f739430ec50cc872889af1f9c1b6b8f48e29941814b09b0fd3cc",
                "sha256:7aa36d2b844a3e4a4b356708d79fd2c260281a7390d678a10b91ca595ddc9e99",
                "sha256:7d3f553904b0c5c016d1dad058a7554c7ac4c91a789fca496e7d8347ad040653",
                "sha256:7e1fe19bd6dce69d9fd159d8e4a80a8f52101380d5d3a4d374b6d3eae0e5de9c",
                "sha256:8c3cb8c35ec4d9506979b4cf90ee9918bc2e49f84189d9bf5c36c0c1119c6558",
                "sha256:9d6dd10d49e01571bf6e147d3b505141ffc093a06756c60b053a859cb2128b1f",
                "sha256:9e112fcbe0148a6fa4f0a02e8d58e94470fc6cb82a5481618fea901699bf34c4",
                "sha256:ac4fef68da01116a5c117eba4dd46f2e06847a497de5ed1d64bb99a5fda1ef91",
                "sha256:b8815995e050764c8610dbc82641807d196927c3dbed207f0a079833ffcf588d",
                "sha256:be6cfcd8053d13f5f5eeb284aa8a814220c3da1b0078fa859011c7fffd86dab9",
                "sha256:c1bb572fab8208c400adaf06a8133ac0712179a334c09224fb11393e920abcdd",
                "sha256:de4418dadaa1c01d497e539210cb6baa015965526ff5afc078c57ca69160108d",
                "sha256:e05cb4d9aad6233d67e0541caa7e511fa4047ed7750ec2510d466e806e0255d6",
                "sha256:e4d96c07229f58cb686120f168276e434660e4358cc9cf3b0464210b04913e77",
                "sha256:f3f501f345f24383c0000395b26b726e46758b71393267aeae0bd36f8b3ade80",
                "sha256:f8a923a85cb099422ad5a2e345fe877bbc89a8a8b23235824a93488150e45f6e"
            ],
            "version": "==4.5.1"
        },
        "docutils": {
            "hashes": [
                "sha256:02aec4bd92ab067f6ff27a38a38a41173bf01bed8f89157768c1573f53e474a6",
                "sha256:51e64ef2ebfb29cae1faa133b3710143496eca21c530f3f71424d77687764274",
                "sha256:7a4bd47eaf6596e1295ecb11361139febe29b084a87bf005bf899f9a42edc3c6"
            ],
            "version": "==0.14"
        },
        "durationpy": {
            "hashes": [
                "sha256:5ef9416b527b50d722f34655becfb75e49228eb82f87b855ed1911b3314b5408"
            ],
            "version": "==0.5"
        },
        "flask": {
            "hashes": [
                "sha256:0749df235e3ff61ac108f69ac178c9770caeaccad2509cb762ce1f65570a8856",
                "sha256:49f44461237b69ecd901cc7ce66feea0319b9158743dd27a2899962ab214dac1"
            ],
            "version": "==0.12.2"
        },
        "future": {
            "hashes": [
                "sha256:e39ced1ab767b5936646cedba8bcce582398233d6a627067d4c6a454c90cfedb"
            ],
            "version": "==0.16.0"
        },
        "futures": {
            "hashes": [
                "sha256:51ecb45f0add83c806c68e4b06106f90db260585b25ef2abfcda0bd95c0132fd",
                "sha256:c4884a65654a7c45435063e14ae85280eb1f111d94e542396717ba9828c4337f"
            ],
            "markers": "python_version < '3.0.0'",
            "version": "==3.1.1"
        },
        "hjson": {
            "hashes": [
                "sha256:1d1727faa6aaef2973921877125a3ab7c5f6d34b93233179d01770f41fab51f9"
            ],
            "version": "==3.0.1"
        },
        "idna": {
            "hashes": [
                "sha256:2c6a5de3089009e3da7c5dde64a141dbc8551d5b7f6cf4ed7c2568d0cc520a8f",
                "sha256:8c7309c718f94b3a625cb648ace320157ad16ff131ae0af362c9f21b80ef6ec4"
            ],
            "version": "==2.6"
        },
        "itsdangerous": {
            "hashes": [
                "sha256:cbb3fcf8d3e33df861709ecaf89d9e6629cff0a217bc2848f1b41cd30d360519"
            ],
            "version": "==0.24"
        },
        "jinja2": {
            "hashes": [
                "sha256:74c935a1b8bb9a3947c50a54766a969d4846290e1e788ea44c1392163723c3bd",
                "sha256:f84be1bb0040caca4cea721fcbbbbd61f9be9464ca236387158b0feea01914a4"
            ],
            "version": "==2.10"
        },
        "jmespath": {
            "hashes": [
                "sha256:6a81d4c9aa62caf061cb517b4d9ad1dd300374cd4706997aff9cd6aedd61fc64",
                "sha256:f11b4461f425740a1d908e9a3f7365c3d2e569f6ca68a2ff8bc5bcd9676edd63"
            ],
            "version": "==0.9.3"
        },
        "kappa": {
            "hashes": [
                "sha256:4b5b372872f25d619e427e04282551048dc975a107385b076b3ffc6406a15833",
                "sha256:4d6b7b3accce4a0aaaac92b36237a6304f0f2fffbbe3caea3f7c9f52d12c9989"
            ],
            "version": "==0.6.0"
        },
        "lambda-packages": {
            "hashes": [
                "sha256:cbe35f0642206a4adfb4855f80d55e273bdacc083011eba5f9ed3beedf0879fa"
            ],
            "version": "==0.19.0"
        },
        "markupsafe": {
            "hashes": [
                "sha256:a6be69091dac236ea9c6bc7d012beab42010fa914c459791d627dad4910eb665"
            ],
            "version": "==1.0"
        },
        "mock": {
            "hashes": [
                "sha256:5ce3c71c5545b472da17b72268978914d0252980348636840bd34a00b5cc96c1",
                "sha256:b158b6df76edd239b8208d481dc46b6afd45a846b7812ff0ce58971cf5bc8bba"
            ],
            "version": "==2.0.0"
        },
        "nose": {
            "hashes": [
                "sha256:9ff7c6cc443f8c51994b34a667bbcf45afd6d945be7477b52e97516fd17c53ac",
                "sha256:dadcddc0aefbf99eea214e0f1232b94f2fa9bd98fa8353711dacb112bfcbbb2a",
                "sha256:f1bffef9cbc82628f6e7d7b40d7e255aefaa1adb6a1b1d26c69a8b79e6208a98"
            ],
            "version": "==1.3.7"
        },
        "nose-timer": {
            "hashes": [
                "sha256:843ec3bd46cb7864aa79eaa3084d897055252d856c19010ddb9ddbcd6bbbf064"
            ],
            "version": "==0.7.1"
        },
        "pbr": {
            "hashes": [
                "sha256:05f61c71aaefc02d8e37c0a3eeb9815ff526ea28b3b76324769e6158d7f95be1",
                "sha256:60c25b7dfd054ef9bb0ae327af949dd4676aa09ac3a9471cdc871d8a9213f9ac"
            ],
            "version": "==3.1.1"
        },
        "placebo": {
            "hashes": [
                "sha256:8aa848b892924786fa5e37e75524e8ec039b7d54860d35c51ffb4ed3e30590c5"
            ],
            "version": "==0.8.1"
        },
        "python-dateutil": {
            "hashes": [
                "sha256:891c38b2a02f5bb1be3e4793866c8df49c7d19baabf9c1bad62547e0b4866aca",
                "sha256:95511bae634d69bc7329ba55e646499a842bc4ec342ad54a8cdb65645a0aad3c"
            ],
            "version": "==2.6.1"
        },
        "python-slugify": {
            "hashes": [
                "sha256:57a385df7a1c6dbd15f7666eaff0ff29d3f60363b228b1197c5308ed3ba5f824",
                "sha256:c3733135d3b184196fdb8844f6a74bbfb9cf6720d1dcce3254bdc434353f938f"
            ],
            "version": "==1.2.4"
        },
        "pyyaml": {
            "hashes": [
                "sha256:0c507b7f74b3d2dd4d1322ec8a94794927305ab4cebbe89cc47fe5e81541e6e8",
                "sha256:16b20e970597e051997d90dc2cddc713a2876c47e3d92d59ee198700c5427736",
                "sha256:3262c96a1ca437e7e4763e2843746588a965426550f3797a79fca9c6199c431f",
                "sha256:326420cbb492172dec84b0f65c80942de6cedb5233c413dd824483989c000608",
                "sha256:4474f8ea030b5127225b8894d626bb66c01cda098d47a2b0d3429b6700af9fd8",
                "sha256:592766c6303207a20efc445587778322d7f73b161bd994f227adaa341ba212ab",
                "sha256:5ac82e411044fb129bae5cfbeb3ba626acb2af31a8d17d175004b70862a741a7",
                "sha256:5f84523c076ad14ff5e6c037fe1c89a7f73a3e04cf0377cb4d017014976433f3",
                "sha256:827dc04b8fa7d07c44de11fabbc888e627fa8293b695e0f99cb544fdfa1bf0d1",
                "sha256:b4c423ab23291d3945ac61346feeb9a0dc4184999ede5e7c43e1ffb975130ae6",
                "sha256:bc6bced57f826ca7cb5125a10b23fd0f2fff3b7c4701d64c439a300ce665fff8",
                "sha256:c01b880ec30b5a6e6aa67b09a2fe3fb30473008c85cd6a67359a1b15ed6d83a4",
                "sha256:ca233c64c6e40eaa6c66ef97058cdc80e8d0157a443655baa1b2966e812807ca",
                "sha256:e863072cdf4c72eebf179342c94e6989c67185842d9997960b3e69290b2fa269"
            ],
            "version": "==3.12"
        },
        "requests": {
            "hashes": [
                "sha256:6a1b267aa90cac58ac3a765d067950e7dbbf75b1da07e895d1f594193a40a38b",
                "sha256:9c443e7324ba5b85070c4a818ade28bfabedf16ea10206da1132edaa6dda237e"
            ],
            "version": "==2.18.4"
        },
        "s3transfer": {
            "hashes": [
                "sha256:90dc18e028989c609146e241ea153250be451e05ecc0c2832565231dacdf59c1",
                "sha256:c7a9ec356982d5e9ab2d4b46391a7d6a950e2b04c472419f5fdec70cc0ada72f"
            ],
            "version": "==0.1.13"
        },
        "six": {
            "hashes": [
                "sha256:70e8a77beed4562e7f14fe23a786b54f6296e34344c23bc42f07b15018ff98e9",
                "sha256:832dc0e10feb1aa2c68dcc57dbb658f1c7e65b9b61af69048abc87a2db00a0eb"
            ],
            "version": "==1.11.0"
        },
        "termcolor": {
            "hashes": [
                "sha256:1d6d69ce66211143803fbc56652b41d73b4a400a2891d7bf7a1cdf4c02de613b"
            ],
            "version": "==1.1.0"
        },
        "toml": {
            "hashes": [
                "sha256:8e86bd6ce8cc11b9620cb637466453d94f5d57ad86f17e98a98d1f73e3baab2d"
            ],
            "version": "==0.9.4"
        },
        "tqdm": {
            "hashes": [
                "sha256:ba650e08b8b102923a05896bf9d7e1c9cdc20b484156df0511a4bbf1f6b6f89b",
                "sha256:fa6d2ea6285f56e75d7efe9259805deadc450f16066a1f82ad0629ea9be2cd0f"
            ],
            "version": "==4.19.1"
        },
        "troposphere": {
            "hashes": [
                "sha256:b2e322063e2278e7d69822943d230b683ce9a0438db8ad017f610d344998453d"
            ],
            "version": "==2.2.0"
        },
        "unidecode": {
            "hashes": [
                "sha256:72f49d3729f3d8f5799f710b97c1451c5163102e76d64d20e170aedbbd923582",
                "sha256:8c33dd588e0c9bc22a76eaa0c715a5434851f726131bd44a6c26471746efabf5"
            ],
            "version": "==1.0.22"
        },
        "urllib3": {
            "hashes": [
                "sha256:06330f386d6e4b195fbfc736b297f58c5a892e4440e54d294d7004e3a9bbea1b",
                "sha256:cc44da8e1145637334317feebd728bd869a35285b93cbb4cca2577da7e62db4f"
            ],
            "version": "==1.22"
        },
        "werkzeug": {
            "hashes": [
                "sha256:6246e5fc98a505824113fb6aca993d45ea284a2bcffdc2c65d0c538e53e4abd3",
                "sha256:f3000aa146ce8a9da8ca3e978e0e931c2a58eb56c323a5efb6b4307f7832b549"
            ],
            "version": "==0.13"
        },
        "wheel": {
            "hashes": [
                "sha256:9515fe0a94e823fd90b08d22de45d7bde57c90edce705b22f5e1ecf7e1b653c8",
                "sha256:e721e53864f084f956f40f96124a74da0631ac13fbbd1ba99e8e2b5e9cafdf64"
            ],
            "version": "==0.30.0"
        },
        "wsgi-request-logger": {
            "hashes": [
                "sha256:445d7ec52799562f812006394d0b4a7064b37084c6ea6bd74ea7a2136c97ed83"
            ],
            "version": "==0.4.6"
        },
        "zappa": {
            "editable": true,
            "path": "."
        }
    }
}
